
Microsoft Visual Studio Solution File, Format Version 12.00
# Visual Studio Version 16
VisualStudioVersion = 16.0.30225.117
MinimumVisualStudioVersion = 10.0.40219.1
Project("{FAE04EC0-301F-11D3-BF4B-00C04F79EFBC}") = "BollingerBandsMartingale", "BollingerBandsMartingale\BollingerBandsMartingale.csproj", "{59EC99FA-B64B-4295-9543-E421BAF90E1C}"
EndProject
Global
	GlobalSection(SolutionConfigurationPlatforms) = preSolution
		Debug|Any CPU = Debug|Any CPU
		Release|Any CPU = Release|Any CPU
	EndGlobalSection
	GlobalSection(ProjectConfigurationPlatforms) = postSolution
		{59EC99FA-B64B-4295-9543-E421BAF90E1C}.Debug|Any CPU.ActiveCfg = Debug|Any CPU
		{59EC99FA-B64B-4295-9543-E421BAF90E1C}.Debug|Any CPU.Build.0 = Debug|Any CPU
		{59EC99FA-B64B-4295-9543-E421BAF90E1C}.Release|Any CPU.ActiveCfg = Release|Any CPU
		{59EC99FA-B64B-4295-9543-E421BAF90E1C}.Release|Any CPU.Build.0 = Release|Any CPU
	EndGlobalSection
	GlobalSection(SolutionProperties) = preSolution
		HideSolutionNode = FALSE
	EndGlobalSection
	GlobalSection(ExtensibilityGlobals) = postSolution
		SolutionGuid = {1E6F668E-8134-41DC-AD8D-39391E1FC04A}
	EndGlobalSection
EndGlobal
